{
    "name": "unlock",
    "version": "1.0.0",
    "lockfileVersion": 1,
    "requires": true,
    "dependencies": {
        "eslint-plugin-jest": {
            "version": "21.22.1",
            "resolved": "https://registry.npmjs.org/eslint-plugin-jest/-/eslint-plugin-jest-21.22.1.tgz",
            "integrity": "sha512-OcVizyXljSps3nVfuPomfK8RKt7jvDsIsDrO7l1ZA4bDbiO9bEGWpsdU/x5F0pymVDG7ME88VlTboxbYJumLGQ=="
        }
    }
}
