# This file is generated by running "yarn install" inside your project.
# Manual changes might be lost - proceed with caution!

__metadata:
  version: 8
  cacheKey: 10

"@types/caseless@npm:*":
  version: 0.12.5
  resolution: "@types/caseless@npm:0.12.5"
  checksum: 10/f6a3628add76d27005495914c9c3873a93536957edaa5b69c63b46fe10b4649a6fecf16b676c1695f46aab851da47ec6047dcf3570fa8d9b6883492ff6d074e0
  languageName: node
  linkType: hard

"@types/feedparser@npm:2.2.1":
  version: 2.2.1
  resolution: "@types/feedparser@npm:2.2.1"
  dependencies:
    "@types/node": "npm:*"
    "@types/sax": "npm:*"
  checksum: 10/69ef274a35e78e1e0d31c999653a4decc6f3389ca74f7b136bf95d7903d2d633ebb848518cd9491df6f6faf440929ecddf63fddfb6f2e08bdc0e35a14d52a449
  languageName: node
  linkType: hard

"@types/form-data@npm:*":
  version: 2.2.1
  resolution: "@types/form-data@npm:2.2.1"
  dependencies:
    "@types/node": "npm:*"
  checksum: 10/7a322e03928b67a0cc6fbc721ff39214eefa7e9dbb027066137a8473ba62f81c51153747d6a3aadbb206fa189f60d19ee95e0c7998ef36ab0d52fdc00edcc930
  languageName: node
  linkType: hard

"@types/node@npm:*":
  version: 22.8.7
  resolution: "@types/node@npm:22.8.7"
  dependencies:
    undici-types: "npm:~6.19.8"
  checksum: 10/9c73d4cbcbf9773a5986421025c26d6139d8ab960317b3062fbb449c00dbe8197230334be550ffcdb6059bd25f4cb903546bace905155628537283a80c2075d5
  languageName: node
  linkType: hard

"@types/request@npm:2.48.1":
  version: 2.48.1
  resolution: "@types/request@npm:2.48.1"
  dependencies:
    "@types/caseless": "npm:*"
    "@types/form-data": "npm:*"
    "@types/node": "npm:*"
    "@types/tough-cookie": "npm:*"
  checksum: 10/de386a0e296efe4266008adc29b5f9f4f7cea18c0b14813ec268054d790b0193f9ce6801bbf24d7d3f560876c5d0943feb7f2af4de42a0cbb8f953b02fa13d00
  languageName: node
  linkType: hard

"@types/sax@npm:*":
  version: 1.2.7
  resolution: "@types/sax@npm:1.2.7"
  dependencies:
    "@types/node": "npm:*"
  checksum: 10/7ece5fbb5d9c8fc76ab0de2f99d705edf92f18e701d4f9d9b0647275e32eb65e656c1badf9dfaa12f4e1ff3e250561c8c9cfe79e8b5f33dd1417ac0f1804f6cc
  languageName: node
  linkType: hard

"@types/tough-cookie@npm:*":
  version: 4.0.5
  resolution: "@types/tough-cookie@npm:4.0.5"
  checksum: 10/01fd82efc8202670865928629697b62fe9bf0c0dcbc5b1c115831caeb073a2c0abb871ff393d7df1ae94ea41e256cb87d2a5a91fd03cdb1b0b4384e08d4ee482
  languageName: node
  linkType: hard

"addressparser@npm:^1.0.1":
  version: 1.0.1
  resolution: "addressparser@npm:1.0.1"
  checksum: 10/9b718b0e6e3312888d6b341f8c2cae72ad398a227dd44d3461c52745fa7add442151425f80ba5edb033c6b98587274f0f9bd8251b6755c033cf99ca4928b27e7
  languageName: node
  linkType: hard

"ajv@npm:^6.12.3":
  version: 6.12.6
  resolution: "ajv@npm:6.12.6"
  dependencies:
    fast-deep-equal: "npm:^3.1.1"
    fast-json-stable-stringify: "npm:^2.0.0"
    json-schema-traverse: "npm:^0.4.1"
    uri-js: "npm:^4.2.2"
  checksum: 10/48d6ad21138d12eb4d16d878d630079a2bda25a04e745c07846a4ad768319533031e28872a9b3c5790fa1ec41aabdf2abed30a56e5a03ebc2cf92184b8ee306c
  languageName: node
  linkType: hard

"array-indexofobject@npm:~0.0.1":
  version: 0.0.1
  resolution: "array-indexofobject@npm:0.0.1"
  checksum: 10/2517000758e1a5975f346c9b88efeab5c42f1817313397761e9e4d27ed8bee7dea1f934e07bd35ff57be9c8ba5e6a27d70707dfb0c101c1fc4aea3bbd922c173
  languageName: node
  linkType: hard

"asn1@npm:~0.2.3":
  version: 0.2.6
  resolution: "asn1@npm:0.2.6"
  dependencies:
    safer-buffer: "npm:~2.1.0"
  checksum: 10/cf629291fee6c1a6f530549939433ebf32200d7849f38b810ff26ee74235e845c0c12b2ed0f1607ac17383d19b219b69cefa009b920dab57924c5c544e495078
  languageName: node
  linkType: hard

"assert-plus@npm:1.0.0, assert-plus@npm:^1.0.0":
  version: 1.0.0
  resolution: "assert-plus@npm:1.0.0"
  checksum: 10/f4f991ae2df849cc678b1afba52d512a7cbf0d09613ba111e72255409ff9158550c775162a47b12d015d1b82b3c273e8e25df0e4783d3ddb008a293486d00a07
  languageName: node
  linkType: hard

"asynckit@npm:^0.4.0":
  version: 0.4.0
  resolution: "asynckit@npm:0.4.0"
  checksum: 10/3ce727cbc78f69d6a4722517a58ee926c8c21083633b1d3fdf66fd688f6c127a53a592141bd4866f9b63240a86e9d8e974b13919450bd17fa33c2d22c4558ad8
  languageName: node
  linkType: hard

"aws-sign2@npm:~0.7.0":
  version: 0.7.0
  resolution: "aws-sign2@npm:0.7.0"
  checksum: 10/2ac497d739f71be3264cf096a33ab256a1fea7fe80b87dc51ec29374505bd5a661279ef1c22989d68528ea61ed634021ca63b31cf1d3c2a3682ffc106f7d0e96
  languageName: node
  linkType: hard

"aws4@npm:^1.8.0":
  version: 1.13.2
  resolution: "aws4@npm:1.13.2"
  checksum: 10/290b9f84facbad013747725bfd8b4c42d0b3b04b5620d8418f0219832ef95a7dc597a4af7b1589ae7fce18bacde96f40911c3cda36199dd04d9f8e01f72fa50a
  languageName: node
  linkType: hard

"bcrypt-pbkdf@npm:^1.0.0":
  version: 1.0.2
  resolution: "bcrypt-pbkdf@npm:1.0.2"
  dependencies:
    tweetnacl: "npm:^0.14.3"
  checksum: 10/13a4cde058250dbf1fa77a4f1b9a07d32ae2e3b9e28e88a0c7a1827835bc3482f3e478c4a0cfd4da6ff0c46dae07da1061123a995372b32cc563d9975f975404
  languageName: node
  linkType: hard

"blog-importer@workspace:.":
  version: 0.0.0-use.local
  resolution: "blog-importer@workspace:."
  dependencies:
    feedparser-promised: "npm:2.0.1"
    fs-extra: "npm:11.2.0"
  languageName: unknown
  linkType: soft

"caseless@npm:~0.12.0":
  version: 0.12.0
  resolution: "caseless@npm:0.12.0"
  checksum: 10/ea1efdf430975fdbac3505cdd21007f7ac5aa29b6d4d1c091f965853cd1bf87e4b08ea07b31a6d688b038872b7cdf0589d9262d59c699d199585daad052aeb20
  languageName: node
  linkType: hard

"combined-stream@npm:^1.0.6, combined-stream@npm:~1.0.6":
  version: 1.0.8
  resolution: "combined-stream@npm:1.0.8"
  dependencies:
    delayed-stream: "npm:~1.0.0"
  checksum: 10/2e969e637d05d09fa50b02d74c83a1186f6914aae89e6653b62595cc75a221464f884f55f231b8f4df7a49537fba60bdc0427acd2bf324c09a1dbb84837e36e4
  languageName: node
  linkType: hard

"core-util-is@npm:1.0.2":
  version: 1.0.2
  resolution: "core-util-is@npm:1.0.2"
  checksum: 10/d0f7587346b44a1fe6c269267e037dd34b4787191e473c3e685f507229d88561c40eb18872fabfff02977301815d474300b7bfbd15396c13c5377393f7e87ec3
  languageName: node
  linkType: hard

"core-util-is@npm:~1.0.0":
  version: 1.0.3
  resolution: "core-util-is@npm:1.0.3"
  checksum: 10/9de8597363a8e9b9952491ebe18167e3b36e7707569eed0ebf14f8bba773611376466ae34575bca8cfe3c767890c859c74056084738f09d4e4a6f902b2ad7d99
  languageName: node
  linkType: hard

"dashdash@npm:^1.12.0":
  version: 1.14.1
  resolution: "dashdash@npm:1.14.1"
  dependencies:
    assert-plus: "npm:^1.0.0"
  checksum: 10/137b287fa021201ce100cef772c8eeeaaafdd2aa7282864022acf3b873021e54cb809e9c060fa164840bf54ff72d00d6e2d8da1ee5a86d7200eeefa1123a8f7f
  languageName: node
  linkType: hard

"delayed-stream@npm:~1.0.0":
  version: 1.0.0
  resolution: "delayed-stream@npm:1.0.0"
  checksum: 10/46fe6e83e2cb1d85ba50bd52803c68be9bd953282fa7096f51fc29edd5d67ff84ff753c51966061e5ba7cb5e47ef6d36a91924eddb7f3f3483b1c560f77a0020
  languageName: node
  linkType: hard

"ecc-jsbn@npm:~0.1.1":
  version: 0.1.2
  resolution: "ecc-jsbn@npm:0.1.2"
  dependencies:
    jsbn: "npm:~0.1.0"
    safer-buffer: "npm:^2.1.0"
  checksum: 10/d43591f2396196266e186e6d6928038cc11c76c3699a912cb9c13757060f7bbc7f17f47c4cb16168cdeacffc7965aef021142577e646fb3cb88810c15173eb57
  languageName: node
  linkType: hard

"extend@npm:~3.0.2":
  version: 3.0.2
  resolution: "extend@npm:3.0.2"
  checksum: 10/59e89e2dc798ec0f54b36d82f32a27d5f6472c53974f61ca098db5d4648430b725387b53449a34df38fd0392045434426b012f302b3cc049a6500ccf82877e4e
  languageName: node
  linkType: hard

"extsprintf@npm:1.3.0":
  version: 1.3.0
  resolution: "extsprintf@npm:1.3.0"
  checksum: 10/26967d6c7ecbfb5bc5b7a6c43503dc5fafd9454802037e9fa1665e41f615da4ff5918bd6cb871a3beabed01a31eca1ccd0bdfb41231f50ad50d405a430f78377
  languageName: node
  linkType: hard

"extsprintf@npm:^1.2.0":
  version: 1.4.1
  resolution: "extsprintf@npm:1.4.1"
  checksum: 10/bfd6d55f3c0c04d826fe0213264b383c03f32825af6b1ff777f3f2dc49467e599361993568d75b7b19a8ea1bb08c8e7cd8c3d87d179ced91bb0dcf81ca6938e0
  languageName: node
  linkType: hard

"fast-deep-equal@npm:^3.1.1":
  version: 3.1.3
  resolution: "fast-deep-equal@npm:3.1.3"
  checksum: 10/e21a9d8d84f53493b6aa15efc9cfd53dd5b714a1f23f67fb5dc8f574af80df889b3bce25dc081887c6d25457cce704e636395333abad896ccdec03abaf1f3f9d
  languageName: node
  linkType: hard

"fast-json-stable-stringify@npm:^2.0.0":
  version: 2.1.0
  resolution: "fast-json-stable-stringify@npm:2.1.0"
  checksum: 10/2c20055c1fa43c922428f16ca8bb29f2807de63e5c851f665f7ac9790176c01c3b40335257736b299764a8d383388dabc73c8083b8e1bc3d99f0a941444ec60e
  languageName: node
  linkType: hard

"feedparser-promised@npm:2.0.1":
  version: 2.0.1
  resolution: "feedparser-promised@npm:2.0.1"
  dependencies:
    "@types/feedparser": "npm:2.2.1"
    "@types/request": "npm:2.48.1"
    feedparser: "npm:2.2.9"
    request: "npm:2.88.0"
  checksum: 10/68c4666a43a01a97ad2dab4734fb335a1c588faad018ae134344108d403b93079829aeebeef80ef5df8a737c72b78eb913e90404bdba759fb2808199d8ffed22
  languageName: node
  linkType: hard

"feedparser@npm:2.2.9":
  version: 2.2.9
  resolution: "feedparser@npm:2.2.9"
  dependencies:
    addressparser: "npm:^1.0.1"
    array-indexofobject: "npm:~0.0.1"
    lodash.assign: "npm:^4.2.0"
    lodash.get: "npm:^4.4.2"
    lodash.has: "npm:^4.5.2"
    lodash.uniq: "npm:^4.5.0"
    mri: "npm:^1.1.0"
    readable-stream: "npm:^2.2.2"
    sax: "npm:^1.2.4"
  bin:
    feedparser: ./bin/feedparser.js
  checksum: 10/841f8d02af21c0440ab4c7e433fcdd346f212d9449438a2a1d12e3c5febc5c885e6635f4e9138d937bec091648127cee81723e8f1ff6cdb21b96029f367f85c9
  languageName: node
  linkType: hard

"forever-agent@npm:~0.6.1":
  version: 0.6.1
  resolution: "forever-agent@npm:0.6.1"
  checksum: 10/c1e1644d5e074ac063ecbc3fb8582013ef91fff0e3fa41e76db23d2f62bc6d9677aac86db950917deed4fe1fdd772df780cfaa352075f23deec9c015313afb97
  languageName: node
  linkType: hard

"form-data@npm:~2.3.2":
  version: 2.3.3
  resolution: "form-data@npm:2.3.3"
  dependencies:
    asynckit: "npm:^0.4.0"
    combined-stream: "npm:^1.0.6"
    mime-types: "npm:^2.1.12"
  checksum: 10/1b6f3ccbf4540e535887b42218a2431a3f6cfdea320119c2affa2a7a374ad8fdd1e60166fc865181f45d49b1684c3e90e7b2190d3fe016692957afb9cf0d0d02
  languageName: node
  linkType: hard

"fs-extra@npm:11.2.0":
  version: 11.2.0
  resolution: "fs-extra@npm:11.2.0"
  dependencies:
    graceful-fs: "npm:^4.2.0"
    jsonfile: "npm:^6.0.1"
    universalify: "npm:^2.0.0"
  checksum: 10/0579bf6726a4cd054d4aa308f10b483f52478bb16284f32cf60b4ce0542063d551fca1a08a2af365e35db21a3fa5a06cf2a6ed614004b4368982bc754cb816b3
  languageName: node
  linkType: hard

"getpass@npm:^0.1.1":
  version: 0.1.7
  resolution: "getpass@npm:0.1.7"
  dependencies:
    assert-plus: "npm:^1.0.0"
  checksum: 10/ab18d55661db264e3eac6012c2d3daeafaab7a501c035ae0ccb193c3c23e9849c6e29b6ac762b9c2adae460266f925d55a3a2a3a3c8b94be2f222df94d70c046
  languageName: node
  linkType: hard

"graceful-fs@npm:^4.1.6, graceful-fs@npm:^4.2.0":
  version: 4.2.11
  resolution: "graceful-fs@npm:4.2.11"
  checksum: 10/bf152d0ed1dc159239db1ba1f74fdbc40cb02f626770dcd5815c427ce0688c2635a06ed69af364396da4636d0408fcf7d4afdf7881724c3307e46aff30ca49e2
  languageName: node
  linkType: hard

"har-schema@npm:^2.0.0":
  version: 2.0.0
  resolution: "har-schema@npm:2.0.0"
  checksum: 10/d8946348f333fb09e2bf24cc4c67eabb47c8e1d1aa1c14184c7ffec1140a49ec8aa78aa93677ae452d71d5fc0fdeec20f0c8c1237291fc2bcb3f502a5d204f9b
  languageName: node
  linkType: hard

"har-validator@npm:~5.1.0":
  version: 5.1.5
  resolution: "har-validator@npm:5.1.5"
  dependencies:
    ajv: "npm:^6.12.3"
    har-schema: "npm:^2.0.0"
  checksum: 10/b998a7269ca560d7f219eedc53e2c664cd87d487e428ae854a6af4573fc94f182fe9d2e3b92ab968249baec7ebaf9ead69cf975c931dc2ab282ec182ee988280
  languageName: node
  linkType: hard

"http-signature@npm:~1.2.0":
  version: 1.2.0
  resolution: "http-signature@npm:1.2.0"
  dependencies:
    assert-plus: "npm:^1.0.0"
    jsprim: "npm:^1.2.2"
    sshpk: "npm:^1.7.0"
  checksum: 10/2ff7112e6b0d8f08b382dfe705078c655501f2ddd76cf589d108445a9dd388a0a9be928c37108261519a7f53e6bbd1651048d74057b804807cce1ec49e87a95b
  languageName: node
  linkType: hard

"inherits@npm:~2.0.3":
  version: 2.0.4
  resolution: "inherits@npm:2.0.4"
  checksum: 10/cd45e923bee15186c07fa4c89db0aace24824c482fb887b528304694b2aa6ff8a898da8657046a5dcf3e46cd6db6c61629551f9215f208d7c3f157cf9b290521
  languageName: node
  linkType: hard

"is-typedarray@npm:~1.0.0":
  version: 1.0.0
  resolution: "is-typedarray@npm:1.0.0"
  checksum: 10/4b433bfb0f9026f079f4eb3fbaa4ed2de17c9995c3a0b5c800bec40799b4b2a8b4e051b1ada77749deb9ded4ae52fe2096973f3a93ff83df1a5a7184a669478c
  languageName: node
  linkType: hard

"isarray@npm:~1.0.0":
  version: 1.0.0
  resolution: "isarray@npm:1.0.0"
  checksum: 10/f032df8e02dce8ec565cf2eb605ea939bdccea528dbcf565cdf92bfa2da9110461159d86a537388ef1acef8815a330642d7885b29010e8f7eac967c9993b65ab
  languageName: node
  linkType: hard

"isstream@npm:~0.1.2":
  version: 0.1.2
  resolution: "isstream@npm:0.1.2"
  checksum: 10/22d9c181015226d4534a227539256897bbbcb7edd1066ca4fc4d3a06dbd976325dfdd16b3983c7d236a89f256805c1a685a772e0364e98873d3819b064ad35a1
  languageName: node
  linkType: hard

"jsbn@npm:~0.1.0":
  version: 0.1.1
  resolution: "jsbn@npm:0.1.1"
  checksum: 10/5450133242845100e694f0ef9175f44c012691a9b770b2571e677314e6f70600abb10777cdfc9a0c6a9f2ac6d134577403633de73e2fcd0f97875a67744e2d14
  languageName: node
  linkType: hard

"json-schema-traverse@npm:^0.4.1":
  version: 0.4.1
  resolution: "json-schema-traverse@npm:0.4.1"
  checksum: 10/7486074d3ba247769fda17d5181b345c9fb7d12e0da98b22d1d71a5db9698d8b4bd900a3ec1a4ffdd60846fc2556274a5c894d0c48795f14cb03aeae7b55260b
  languageName: node
  linkType: hard

"json-schema@npm:0.4.0":
  version: 0.4.0
  resolution: "json-schema@npm:0.4.0"
  checksum: 10/8b3b64eff4a807dc2a3045b104ed1b9335cd8d57aa74c58718f07f0f48b8baa3293b00af4dcfbdc9144c3aafea1e97982cc27cc8e150fc5d93c540649507a458
  languageName: node
  linkType: hard

"json-stringify-safe@npm:~5.0.1":
  version: 5.0.1
  resolution: "json-stringify-safe@npm:5.0.1"
  checksum: 10/59169a081e4eeb6f9559ae1f938f656191c000e0512aa6df9f3c8b2437a4ab1823819c6b9fd1818a4e39593ccfd72e9a051fdd3e2d1e340ed913679e888ded8c
  languageName: node
  linkType: hard

"jsonfile@npm:^6.0.1":
  version: 6.1.0
  resolution: "jsonfile@npm:6.1.0"
  dependencies:
    graceful-fs: "npm:^4.1.6"
    universalify: "npm:^2.0.0"
  dependenciesMeta:
    graceful-fs:
      optional: true
  checksum: 10/03014769e7dc77d4cf05fa0b534907270b60890085dd5e4d60a382ff09328580651da0b8b4cdf44d91e4c8ae64d91791d965f05707beff000ed494a38b6fec85
  languageName: node
  linkType: hard

"jsprim@npm:^1.2.2":
  version: 1.4.2
  resolution: "jsprim@npm:1.4.2"
  dependencies:
    assert-plus: "npm:1.0.0"
    extsprintf: "npm:1.3.0"
    json-schema: "npm:0.4.0"
    verror: "npm:1.10.0"
  checksum: 10/df2bf234eab1b5078d01bcbff3553d50a243f7b5c10a169745efeda6344d62798bd1d85bcca6a8446f3b5d0495e989db45f9de8dae219f0f9796e70e0c776089
  languageName: node
  linkType: hard

"lodash.assign@npm:^4.2.0":
  version: 4.2.0
  resolution: "lodash.assign@npm:4.2.0"
  checksum: 10/2571d0d487375d5882ece0d94bf18807b6d9d1722ad77a84c220f27fabb6cf3e4f9109183317c95b0cb0d42dae6c2cad453a31d50c9cdcd102b3bbf1b78b1ea7
  languageName: node
  linkType: hard

"lodash.get@npm:^4.4.2":
  version: 4.4.2
  resolution: "lodash.get@npm:4.4.2"
  checksum: 10/2a4925f6e89bc2c010a77a802d1ba357e17ed1ea03c2ddf6a146429f2856a216663e694a6aa3549a318cbbba3fd8b7decb392db457e6ac0b83dc745ed0a17380
  languageName: node
  linkType: hard

"lodash.has@npm:^4.5.2":
  version: 4.5.2
  resolution: "lodash.has@npm:4.5.2"
  checksum: 10/35c0862e715bc22528dd3cd34f1e66d25d58f0ecef9a43aa409fb7ddebaf6495cb357ae242f141e4b2325258f4a6bafdd8928255d51f1c0a741ae9b93951c743
  languageName: node
  linkType: hard

"lodash.uniq@npm:^4.5.0":
  version: 4.5.0
  resolution: "lodash.uniq@npm:4.5.0"
  checksum: 10/86246ca64ac0755c612e5df6d93cfe92f9ecac2e5ff054b965efbbb1d9a647b6310969e78545006f70f52760554b03233ad0103324121ae31474c20d5f7a2812
  languageName: node
  linkType: hard

"mime-db@npm:1.52.0":
  version: 1.52.0
  resolution: "mime-db@npm:1.52.0"
  checksum: 10/54bb60bf39e6f8689f6622784e668a3d7f8bed6b0d886f5c3c446cb3284be28b30bf707ed05d0fe44a036f8469976b2629bbea182684977b084de9da274694d7
  languageName: node
  linkType: hard

"mime-types@npm:^2.1.12, mime-types@npm:~2.1.19":
  version: 2.1.35
  resolution: "mime-types@npm:2.1.35"
  dependencies:
    mime-db: "npm:1.52.0"
  checksum: 10/89aa9651b67644035de2784a6e665fc685d79aba61857e02b9c8758da874a754aed4a9aced9265f5ed1171fd934331e5516b84a7f0218031b6fa0270eca1e51a
  languageName: node
  linkType: hard

"mri@npm:^1.1.0":
  version: 1.2.0
  resolution: "mri@npm:1.2.0"
  checksum: 10/6775a1d2228bb9d191ead4efc220bd6be64f943ad3afd4dcb3b3ac8fc7b87034443f666e38805df38e8d047b29f910c3cc7810da0109af83e42c82c73bd3f6bc
  languageName: node
  linkType: hard

"oauth-sign@npm:~0.9.0":
  version: 0.9.0
  resolution: "oauth-sign@npm:0.9.0"
  checksum: 10/1809a366d258f41fdf4ab5310cff3d1e15f96b187503bc7333cef4351de7bd0f52cb269bc95800f1fae5fb04dd886287df1471985fd67e8484729fdbcf857119
  languageName: node
  linkType: hard

"performance-now@npm:^2.1.0":
  version: 2.1.0
  resolution: "performance-now@npm:2.1.0"
  checksum: 10/534e641aa8f7cba160f0afec0599b6cecefbb516a2e837b512be0adbe6c1da5550e89c78059c7fabc5c9ffdf6627edabe23eb7c518c4500067a898fa65c2b550
  languageName: node
  linkType: hard

"process-nextick-args@npm:~2.0.0":
  version: 2.0.1
  resolution: "process-nextick-args@npm:2.0.1"
  checksum: 10/1d38588e520dab7cea67cbbe2efdd86a10cc7a074c09657635e34f035277b59fbb57d09d8638346bf7090f8e8ebc070c96fa5fd183b777fff4f5edff5e9466cf
  languageName: node
  linkType: hard

"psl@npm:^1.1.24":
  version: 1.9.0
  resolution: "psl@npm:1.9.0"
  checksum: 10/d07879d4bfd0ac74796306a8e5a36a93cfb9c4f4e8ee8e63fbb909066c192fe1008cd8f12abd8ba2f62ca28247949a20c8fb32e1d18831d9e71285a1569720f9
  languageName: node
  linkType: hard

"punycode@npm:^1.4.1":
  version: 1.4.1
  resolution: "punycode@npm:1.4.1"
  checksum: 10/af2700dde1a116791ff8301348ff344c47d6c224e875057237d1b5112035655fb07a6175cfdb8bf0e3a8cdfd2dc82b3a622e0aefd605566c0e949a6d0d1256a4
  languageName: node
  linkType: hard

"punycode@npm:^2.1.0":
  version: 2.3.1
  resolution: "punycode@npm:2.3.1"
  checksum: 10/febdc4362bead22f9e2608ff0171713230b57aff9dddc1c273aa2a651fbd366f94b7d6a71d78342a7c0819906750351ca7f2edd26ea41b626d87d6a13d1bd059
  languageName: node
  linkType: hard

"qs@npm:~6.5.2":
  version: 6.5.3
  resolution: "qs@npm:6.5.3"
  checksum: 10/485c990fba7ad17671e16c92715fb064c1600337738f5d140024eb33a49fbc1ed31890d3db850117c760caeb9c9cc9f4ba22a15c20dd119968e41e3d3fe60b28
  languageName: node
  linkType: hard

"readable-stream@npm:^2.2.2":
  version: 2.3.8
  resolution: "readable-stream@npm:2.3.8"
  dependencies:
    core-util-is: "npm:~1.0.0"
    inherits: "npm:~2.0.3"
    isarray: "npm:~1.0.0"
    process-nextick-args: "npm:~2.0.0"
    safe-buffer: "npm:~5.1.1"
    string_decoder: "npm:~1.1.1"
    util-deprecate: "npm:~1.0.1"
  checksum: 10/8500dd3a90e391d6c5d889256d50ec6026c059fadee98ae9aa9b86757d60ac46fff24fafb7a39fa41d54cb39d8be56cc77be202ebd4cd8ffcf4cb226cbaa40d4
  languageName: node
  linkType: hard

"request@npm:2.88.0":
  version: 2.88.0
  resolution: "request@npm:2.88.0"
  dependencies:
    aws-sign2: "npm:~0.7.0"
    aws4: "npm:^1.8.0"
    caseless: "npm:~0.12.0"
    combined-stream: "npm:~1.0.6"
    extend: "npm:~3.0.2"
    forever-agent: "npm:~0.6.1"
    form-data: "npm:~2.3.2"
    har-validator: "npm:~5.1.0"
    http-signature: "npm:~1.2.0"
    is-typedarray: "npm:~1.0.0"
    isstream: "npm:~0.1.2"
    json-stringify-safe: "npm:~5.0.1"
    mime-types: "npm:~2.1.19"
    oauth-sign: "npm:~0.9.0"
    performance-now: "npm:^2.1.0"
    qs: "npm:~6.5.2"
    safe-buffer: "npm:^5.1.2"
    tough-cookie: "npm:~2.4.3"
    tunnel-agent: "npm:^0.6.0"
    uuid: "npm:^3.3.2"
  checksum: 10/f4cef6f9af7f6d7c05e73f9a16f974e48a5b8f180cafe0272acf12c59460274034854b8f1e558472966c91906f38e3922644827ff5db5b922b601075e99ee1d5
  languageName: node
  linkType: hard

"safe-buffer@npm:^5.0.1, safe-buffer@npm:^5.1.2":
  version: 5.2.1
  resolution: "safe-buffer@npm:5.2.1"
  checksum: 10/32872cd0ff68a3ddade7a7617b8f4c2ae8764d8b7d884c651b74457967a9e0e886267d3ecc781220629c44a865167b61c375d2da6c720c840ecd73f45d5d9451
  languageName: node
  linkType: hard

"safe-buffer@npm:~5.1.0, safe-buffer@npm:~5.1.1":
  version: 5.1.2
  resolution: "safe-buffer@npm:5.1.2"
  checksum: 10/7eb5b48f2ed9a594a4795677d5a150faa7eb54483b2318b568dc0c4fc94092a6cce5be02c7288a0500a156282f5276d5688bce7259299568d1053b2150ef374a
  languageName: node
  linkType: hard

"safer-buffer@npm:^2.0.2, safer-buffer@npm:^2.1.0, safer-buffer@npm:~2.1.0":
  version: 2.1.2
  resolution: "safer-buffer@npm:2.1.2"
  checksum: 10/7eaf7a0cf37cc27b42fb3ef6a9b1df6e93a1c6d98c6c6702b02fe262d5fcbd89db63320793b99b21cb5348097d0a53de81bd5f4e8b86e20cc9412e3f1cfb4e83
  languageName: node
  linkType: hard

"sax@npm:^1.2.4":
  version: 1.4.1
  resolution: "sax@npm:1.4.1"
  checksum: 10/b1c784b545019187b53a0c28edb4f6314951c971e2963a69739c6ce222bfbc767e54d320e689352daba79b7d5e06d22b5d7113b99336219d6e93718e2f99d335
  languageName: node
  linkType: hard

"sshpk@npm:^1.7.0":
  version: 1.18.0
  resolution: "sshpk@npm:1.18.0"
  dependencies:
    asn1: "npm:~0.2.3"
    assert-plus: "npm:^1.0.0"
    bcrypt-pbkdf: "npm:^1.0.0"
    dashdash: "npm:^1.12.0"
    ecc-jsbn: "npm:~0.1.1"
    getpass: "npm:^0.1.1"
    jsbn: "npm:~0.1.0"
    safer-buffer: "npm:^2.0.2"
    tweetnacl: "npm:~0.14.0"
  bin:
    sshpk-conv: bin/sshpk-conv
    sshpk-sign: bin/sshpk-sign
    sshpk-verify: bin/sshpk-verify
  checksum: 10/858339d43e3c6b6a848772a66f69442ce74f1a37655d9f35ba9d1f85329499ff0000af9f8ab83dbb39ad24c0c370edabe0be1e39863f70c6cded9924b8458c34
  languageName: node
  linkType: hard

"string_decoder@npm:~1.1.1":
  version: 1.1.1
  resolution: "string_decoder@npm:1.1.1"
  dependencies:
    safe-buffer: "npm:~5.1.0"
  checksum: 10/7c41c17ed4dea105231f6df208002ebddd732e8e9e2d619d133cecd8e0087ddfd9587d2feb3c8caf3213cbd841ada6d057f5142cae68a4e62d3540778d9819b4
  languageName: node
  linkType: hard

"tough-cookie@npm:~2.4.3":
  version: 2.4.3
  resolution: "tough-cookie@npm:2.4.3"
  dependencies:
    psl: "npm:^1.1.24"
    punycode: "npm:^1.4.1"
  checksum: 10/d389ad8902039ab23aac01cb7a1a3f3a4512d5293f97d22c8aea8f2bfbe28407684175fb22afbc130f41b89660fa4f332e0010ebb4742c02f60ffebb6eb0908c
  languageName: node
  linkType: hard

"tunnel-agent@npm:^0.6.0":
  version: 0.6.0
  resolution: "tunnel-agent@npm:0.6.0"
  dependencies:
    safe-buffer: "npm:^5.0.1"
  checksum: 10/7f0d9ed5c22404072b2ae8edc45c071772affd2ed14a74f03b4e71b4dd1a14c3714d85aed64abcaaee5fec2efc79002ba81155c708f4df65821b444abb0cfade
  languageName: node
  linkType: hard

"tweetnacl@npm:^0.14.3, tweetnacl@npm:~0.14.0":
  version: 0.14.5
  resolution: "tweetnacl@npm:0.14.5"
  checksum: 10/04ee27901cde46c1c0a64b9584e04c96c5fe45b38c0d74930710751ea991408b405747d01dfae72f80fc158137018aea94f9c38c651cb9c318f0861a310c3679
  languageName: node
  linkType: hard

"undici-types@npm:~6.19.8":
  version: 6.19.8
  resolution: "undici-types@npm:6.19.8"
  checksum: 10/cf0b48ed4fc99baf56584afa91aaffa5010c268b8842f62e02f752df209e3dea138b372a60a963b3b2576ed932f32329ce7ddb9cb5f27a6c83040d8cd74b7a70
  languageName: node
  linkType: hard

"universalify@npm:^2.0.0":
  version: 2.0.1
  resolution: "universalify@npm:2.0.1"
  checksum: 10/ecd8469fe0db28e7de9e5289d32bd1b6ba8f7183db34f3bfc4ca53c49891c2d6aa05f3fb3936a81285a905cc509fb641a0c3fc131ec786167eff41236ae32e60
  languageName: node
  linkType: hard

"uri-js@npm:^4.2.2":
  version: 4.4.1
  resolution: "uri-js@npm:4.4.1"
  dependencies:
    punycode: "npm:^2.1.0"
  checksum: 10/b271ca7e3d46b7160222e3afa3e531505161c9a4e097febae9664e4b59912f4cbe94861361a4175edac3a03fee99d91e44b6a58c17a634bc5a664b19fc76fbcb
  languageName: node
  linkType: hard

"util-deprecate@npm:~1.0.1":
  version: 1.0.2
  resolution: "util-deprecate@npm:1.0.2"
  checksum: 10/474acf1146cb2701fe3b074892217553dfcf9a031280919ba1b8d651a068c9b15d863b7303cb15bd00a862b498e6cf4ad7b4a08fb134edd5a6f7641681cb54a2
  languageName: node
  linkType: hard

"uuid@npm:^3.3.2":
  version: 3.4.0
  resolution: "uuid@npm:3.4.0"
  bin:
    uuid: ./bin/uuid
  checksum: 10/4f2b86432b04cc7c73a0dd1bcf11f1fc18349d65d2e4e32dd0fc658909329a1e0cc9244aa93f34c0cccfdd5ae1af60a149251a5f420ec3ac4223a3dab198fb2e
  languageName: node
  linkType: hard

"verror@npm:1.10.0":
  version: 1.10.0
  resolution: "verror@npm:1.10.0"
  dependencies:
    assert-plus: "npm:^1.0.0"
    core-util-is: "npm:1.0.2"
    extsprintf: "npm:^1.2.0"
  checksum: 10/da548149dd9c130a8a2587c9ee71ea30128d1526925707e2d01ed9c5c45c9e9f86733c66a328247cdd5f7c1516fb25b0f959ba754bfbe15072aa99ff96468a29
  languageName: node
  linkType: hard
